
Microsoft Visual Studio Solution File, Format Version 12.00
# Visual Studio Version 17
VisualStudioVersion = 17.12.35527.113 d17.12
MinimumVisualStudioVersion = 10.0.40219.1
Project("{FAE04EC0-301F-11D3-BF4B-00C04F79EFBC}") = "JWTAuthenticationAuthorization", "JWTAuthenticationAuthorization\JWTAuthenticationAuthorization.csproj", "{8EC3E8B5-ED0C-49DF-B753-337D5D394DD5}"
EndProject
Project("{FAE04EC0-301F-11D3-BF4B-00C04F79EFBC}") = "WeatherAPI", "WeatherAPI\WeatherAPI.csproj", "{6CE5C138-FB25-49AF-852F-FE849F2BA049}"
EndProject
Global
	GlobalSection(SolutionConfigurationPlatforms) = preSolution
		Debug|Any CPU = Debug|Any CPU
		Release|Any CPU = Release|Any CPU
	EndGlobalSection
	GlobalSection(ProjectConfigurationPlatforms) = postSolution
		{8EC3E8B5-ED0C-49DF-B753-337D5D394DD5}.Debug|Any CPU.ActiveCfg = Debug|Any CPU
		{8EC3E8B5-ED0C-49DF-B753-337D5D394DD5}.Debug|Any CPU.Build.0 = Debug|Any CPU
		{8EC3E8B5-ED0C-49DF-B753-337D5D394DD5}.Release|Any CPU.ActiveCfg = Release|Any CPU
		{8EC3E8B5-ED0C-49DF-B753-337D5D394DD5}.Release|Any CPU.Build.0 = Release|Any CPU
		{6CE5C138-FB25-49AF-852F-FE849F2BA049}.Debug|Any CPU.ActiveCfg = Debug|Any CPU
		{6CE5C138-FB25-49AF-852F-FE849F2BA049}.Debug|Any CPU.Build.0 = Debug|Any CPU
		{6CE5C138-FB25-49AF-852F-FE849F2BA049}.Release|Any CPU.ActiveCfg = Release|Any CPU
		{6CE5C138-FB25-49AF-852F-FE849F2BA049}.Release|Any CPU.Build.0 = Release|Any CPU
	EndGlobalSection
	GlobalSection(SolutionProperties) = preSolution
		HideSolutionNode = FALSE
	EndGlobalSection
EndGlobal
